
Microsoft Visual Studio Solution File, Format Version 12.00
# Visual Studio Version 17
VisualStudioVersion = 17.3.32811.315
MinimumVisualStudioVersion = 10.0.40219.1
Project("{9A19103F-16F7-4668-BE54-9A1E7A4F7556}") = "snail", "snail\snail.csproj", "{116E1034-134D-41B3-B29F-762EDB8D5C58}"
EndProject
Global
	GlobalSection(SolutionConfigurationPlatforms) = preSolution
		Debug|Any CPU = Debug|Any CPU
		Release|Any CPU = Release|Any CPU
	EndGlobalSection
	GlobalSection(ProjectConfigurationPlatforms) = postSolution
		{116E1034-134D-41B3-B29F-762EDB8D5C58}.Debug|Any CPU.ActiveCfg = Debug|Any CPU
		{116E1034-134D-41B3-B29F-762EDB8D5C58}.Debug|Any CPU.Build.0 = Debug|Any CPU
		{116E1034-134D-41B3-B29F-762EDB8D5C58}.Release|Any CPU.ActiveCfg = Release|Any CPU
		{116E1034-134D-41B3-B29F-762EDB8D5C58}.Release|Any CPU.Build.0 = Release|Any CPU
	EndGlobalSection
	GlobalSection(SolutionProperties) = preSolution
		HideSolutionNode = FALSE
	EndGlobalSection
	GlobalSection(ExtensibilityGlobals) = postSolution
		SolutionGuid = {50BED74D-2D92-4F04-8C33-E78E78164E2C}
	EndGlobalSection
EndGlobal
