
Microsoft Visual Studio Solution File, Format Version 12.00
# Visual Studio Version 17
VisualStudioVersion = 17.6.33815.320
MinimumVisualStudioVersion = 10.0.40219.1
Project("{FAE04EC0-301F-11D3-BF4B-00C04F79EFBC}") = "SnailJMY1", "SnailJMY1.csproj", "{015DB82F-8887-43E8-8810-0E7FDFBD90FE}"
EndProject
Global
	GlobalSection(SolutionConfigurationPlatforms) = preSolution
		Debug|Any CPU = Debug|Any CPU
		Release|Any CPU = Release|Any CPU
	EndGlobalSection
	GlobalSection(ProjectConfigurationPlatforms) = postSolution
		{015DB82F-8887-43E8-8810-0E7FDFBD90FE}.Debug|Any CPU.ActiveCfg = Debug|Any CPU
		{015DB82F-8887-43E8-8810-0E7FDFBD90FE}.Debug|Any CPU.Build.0 = Debug|Any CPU
		{015DB82F-8887-43E8-8810-0E7FDFBD90FE}.Release|Any CPU.ActiveCfg = Release|Any CPU
		{015DB82F-8887-43E8-8810-0E7FDFBD90FE}.Release|Any CPU.Build.0 = Release|Any CPU
	EndGlobalSection
	GlobalSection(SolutionProperties) = preSolution
		HideSolutionNode = FALSE
	EndGlobalSection
	GlobalSection(ExtensibilityGlobals) = postSolution
		SolutionGuid = {8FC0525D-BAAE-433C-B793-404F2F9CD83F}
	EndGlobalSection
EndGlobal
